{
  "name": "apex-form-builder",
  "version": "0.0.0",
  "lockfileVersion": 2,
  "requires": true,
  "packages": {
    "": {
      "name": "apex-form-builder",
      "version": "0.0.0",
      "license": "MIT",
      "dependencies": {
        "atom-space-pen-views": "^2.1.0",
        "coffee-script": "^1.9.1",
        "emissary": "^1.3.1",
        "event-kit": "^1.0.2",
        "interact.js": "^1.2.2",
        "jquery": "^2.2.4",
        "mixto": "^1.0.0",
        "property-accessors": "^1.1.0",
        "space-pen": "^5.1.1",
        "theorist": "^1.0.2",
        "underscore-plus": "^1.6.6"
      },
      "devDependencies": {
        "property-accessors": "^1.1.0"
      },
      "engines": {
        "atom": ">0.50.0"
      }
    },
    "node_modules/atom-space-pen-views": {
      "version": "2.2.0",
      "resolved": "https://registry.npmjs.org/atom-space-pen-views/-/atom-space-pen-views-2.2.0.tgz",
      "integrity": "sha512-PxwV0txlLlYLMdWKv4m4ZH3fdUguWxx+Pwr+abgFAmcqaiyAoAV66Be7W+dVymdY7y0qSHLc4KcsFkj9j3A9+A==",
      "dependencies": {
        "fuzzaldrin": "^2.1.0",
        "space-pen": "^5.1.2"
      }
    },
    "node_modules/coffee-script": {
      "version": "1.12.7",
      "resolved": "https://registry.npmjs.org/coffee-script/-/coffee-script-1.12.7.tgz",
      "integrity": "sha512-fLeEhqwymYat/MpTPUjSKHVYYl0ec2mOyALEMLmzr5i1isuG+6jfI2j2d5oBO3VIzgUXgBVIcOT9uH1TFxBckw==",
      "deprecated": "CoffeeScript on NPM has moved to \"coffeescript\" (no hyphen)",
      "bin": {
        "cake": "bin/cake",
        "coffee": "bin/coffee"
      },
      "engines": {
        "node": ">=0.8.0"
      }
    },
    "node_modules/d": {
      "version": "0.1.1",
      "resolved": "https://registry.npmjs.org/d/-/d-0.1.1.tgz",
      "integrity": "sha512-0SdM9V9pd/OXJHoWmTfNPTAeD+lw6ZqHg+isPyBFuJsZLSE0Ygg1cYZ/0l6DrKQXMOqGOu1oWupMoOfoRfMZrQ==",
      "dependencies": {
        "es5-ext": "~0.10.2"
      }
    },
    "node_modules/delegato": {
      "version": "1.0.0",
      "resolved": "https://registry.npmjs.org/delegato/-/delegato-1.0.0.tgz",
      "integrity": "sha512-r+J744mBk2gl4omoAl1xFoDJHDI2N7arkvgZI4F0mbZgqsN9HCfZtoMs3KnDevvU+erkSeBsNx13r33VIEH4FQ==",
      "dependencies": {
        "mixto": "1.x"
      }
    },
    "node_modules/emissary": {
      "version": "1.3.3",
      "resolved": "https://registry.npmjs.org/emissary/-/emissary-1.3.3.tgz",
      "integrity": "sha512-pD6FWNBSlEOzSJDCTcSGVLgNnGw5fnCvvGMdQ/TN43efeXZ/QTq8+hZoK3OOEXPRNjMmSJmeOnEJh+bWT5O8rQ==",
      "dependencies": {
        "es6-weak-map": "^0.1.2",
        "mixto": "1.x",
        "property-accessors": "^1.1",
        "underscore-plus": "1.x"
      }
    },
    "node_modules/es5-ext": {
      "version": "0.10.64",
      "resolved": "https://registry.npmjs.org/es5-ext/-/es5-ext-0.10.64.tgz",
      "integrity": "sha512-p2snDhiLaXe6dahss1LddxqEm+SkuDvV8dnIQG0MWjyHpcMNfXKPE+/Cc0y+PhxJX3A4xGNeFCj5oc0BUh6deg==",
      "hasInstallScript": true,
      "dependencies": {
        "es6-iterator": "^2.0.3",
        "es6-symbol": "^3.1.3",
        "esniff": "^2.0.1",
        "next-tick": "^1.1.0"
      },
      "engines": {
        "node": ">=0.10"
      }
    },
    "node_modules/es5-ext/node_modules/d": {
      "version": "1.0.2",
      "resolved": "https://registry.npmjs.org/d/-/d-1.0.2.tgz",
      "integrity": "sha512-MOqHvMWF9/9MX6nza0KgvFH4HpMU0EF5uUDXqX/BtxtU8NfB0QzRtJ8Oe/6SuS4kbhyzVJwjd97EA4PKrzJ8bw==",
      "dependencies": {
        "es5-ext": "^0.10.64",
        "type": "^2.7.2"
      },
      "engines": {
        "node": ">=0.12"
      }
    },
    "node_modules/es5-ext/node_modules/es6-iterator": {
      "version": "2.0.3",
      "resolved": "https://registry.npmjs.org/es6-iterator/-/es6-iterator-2.0.3.tgz",
      "integrity": "sha512-zw4SRzoUkd+cl+ZoE15A9o1oQd920Bb0iOJMQkQhl3jNc03YqVjAhG7scf9C5KWRU/R13Orf588uCC6525o02g==",
      "dependencies": {
        "d": "1",
        "es5-ext": "^0.10.35",
        "es6-symbol": "^3.1.1"
      }
    },
    "node_modules/es5-ext/node_modules/es6-symbol": {
      "version": "3.1.4",
      "resolved": "https://registry.npmjs.org/es6-symbol/-/es6-symbol-3.1.4.tgz",
      "integrity": "sha512-U9bFFjX8tFiATgtkJ1zg25+KviIXpgRvRHS8sau3GfhVzThRQrOeksPeT0BWW2MNZs1OEWJ1DPXOQMn0KKRkvg==",
      "dependencies": {
        "d": "^1.0.2",
        "ext": "^1.7.0"
      },
      "engines": {
        "node": ">=0.12"
      }
    },
    "node_modules/es6-iterator": {
      "version": "0.1.3",
      "resolved": "https://registry.npmjs.org/es6-iterator/-/es6-iterator-0.1.3.tgz",
      "integrity": "sha512-6TOmbFM6OPWkTe+bQ3ZuUkvqcWUjAnYjKUCLdbvRsAUz2Pr+fYIibwNXNkLNtIK9PPFbNMZZddaRNkyJhlGJhA==",
      "dependencies": {
        "d": "~0.1.1",
        "es5-ext": "~0.10.5",
        "es6-symbol": "~2.0.1"
      }
    },
    "node_modules/es6-symbol": {
      "version": "2.0.1",
      "resolved": "https://registry.npmjs.org/es6-symbol/-/es6-symbol-2.0.1.tgz",
      "integrity": "sha512-wjobO4zO8726HVU7mI2OA/B6QszqwHJuKab7gKHVx+uRfVVYGcWJkCIFxV2Madqb9/RUSrhJ/r6hPfG7FsWtow==",
      "dependencies": {
        "d": "~0.1.1",
        "es5-ext": "~0.10.5"
      }
    },
    "node_modules/es6-weak-map": {
      "version": "0.1.4",
      "resolved": "https://registry.npmjs.org/es6-weak-map/-/es6-weak-map-0.1.4.tgz",
      "integrity": "sha512-P+N5Cd2TXeb7G59euFiM7snORspgbInS29Nbf3KNO2JQp/DyhvMCDWd58nsVAXwYJ6W3Bx7qDdy6QQ3PCJ7jKQ==",
      "dependencies": {
        "d": "~0.1.1",
        "es5-ext": "~0.10.6",
        "es6-iterator": "~0.1.3",
        "es6-symbol": "~2.0.1"
      }
    },
    "node_modules/esniff": {
      "version": "2.0.1",
      "resolved": "https://registry.npmjs.org/esniff/-/esniff-2.0.1.tgz",
      "integrity": "sha512-kTUIGKQ/mDPFoJ0oVfcmyJn4iBDRptjNVIzwIFR7tqWXdVI9xfA2RMwY/gbSpJG3lkdWNEjLap/NqVHZiJsdfg==",
      "dependencies": {
        "d": "^1.0.1",
        "es5-ext": "^0.10.62",
        "event-emitter": "^0.3.5",
        "type": "^2.7.2"
      },
      "engines": {
        "node": ">=0.10"
      }
    },
    "node_modules/esniff/node_modules/d": {
      "version": "1.0.2",
      "resolved": "https://registry.npmjs.org/d/-/d-1.0.2.tgz",
      "integrity": "sha512-MOqHvMWF9/9MX6nza0KgvFH4HpMU0EF5uUDXqX/BtxtU8NfB0QzRtJ8Oe/6SuS4kbhyzVJwjd97EA4PKrzJ8bw==",
      "dependencies": {
        "es5-ext": "^0.10.64",
        "type": "^2.7.2"
      },
      "engines": {
        "node": ">=0.12"
      }
    },
    "node_modules/event-emitter": {
      "version": "0.3.5",
      "resolved": "https://registry.npmjs.org/event-emitter/-/event-emitter-0.3.5.tgz",
      "integrity": "sha512-D9rRn9y7kLPnJ+hMq7S/nhvoKwwvVJahBi2BPmx3bvbsEdK3W9ii8cBSGjP+72/LnM4n6fo3+dkCX5FeTQruXA==",
      "dependencies": {
        "d": "1",
        "es5-ext": "~0.10.14"
      }
    },
    "node_modules/event-emitter/node_modules/d": {
      "version": "1.0.2",
      "resolved": "https://registry.npmjs.org/d/-/d-1.0.2.tgz",
      "integrity": "sha512-MOqHvMWF9/9MX6nza0KgvFH4HpMU0EF5uUDXqX/BtxtU8NfB0QzRtJ8Oe/6SuS4kbhyzVJwjd97EA4PKrzJ8bw==",
      "dependencies": {
        "es5-ext": "^0.10.64",
        "type": "^2.7.2"
      },
      "engines": {
        "node": ">=0.12"
      }
    },
    "node_modules/event-kit": {
      "version": "1.5.0",
      "resolved": "https://registry.npmjs.org/event-kit/-/event-kit-1.5.0.tgz",
      "integrity": "sha512-7hclzTNlaXY1odHFvQSl/BGtA9hFj/5WsFfWg0zUmP0a0k5xWfik3sy+HptsTI3B0aN/AR8Q9ix0FLXbu/Lieg==",
      "dependencies": {
        "grim": "^1.2.1"
      }
    },
    "node_modules/ext": {
      "version": "1.7.0",
      "resolved": "https://registry.npmjs.org/ext/-/ext-1.7.0.tgz",
      "integrity": "sha512-6hxeJYaL110a9b5TEJSj0gojyHQAmA2ch5Os+ySCiA1QGdS697XWY1pzsrSjqA9LDEEgdB/KypIlR59RcLuHYw==",
      "dependencies": {
        "type": "^2.7.2"
      }
    },
    "node_modules/fuzzaldrin": {
      "version": "2.1.0",
      "resolved": "https://registry.npmjs.org/fuzzaldrin/-/fuzzaldrin-2.1.0.tgz",
      "integrity": "sha512-zgllBYwfHR5P3CncJiGbGVPpa3iFYW1yuPaIv8DiTVRrcg5/6uETNL5zvIoKflG1aifXVUZTlIroDehw4WygGA=="
    },
    "node_modules/grim": {
      "version": "1.5.0",
      "resolved": "https://registry.npmjs.org/grim/-/grim-1.5.0.tgz",
      "integrity": "sha512-HlUl6O0gHSbHjdKqiiQS+rHzFxahM223GmenpIE2IwMh5ZncuX0VZzYlZ60yXVH9uyAmlkdAAqt6qwi1JQrp8g==",
      "dependencies": {
        "emissary": "^1.2.0"
      }
    },
    "node_modules/interact.js": {
      "version": "1.2.8",
      "resolved": "https://registry.npmjs.org/interact.js/-/interact.js-1.2.8.tgz",
      "integrity": "sha512-VXUfuD1xCq97yYfp0qi5D+dkEBKsvSkOaoIQuWualzrHh5oVF6IbEc8jZRpfnooQShFJNPBdoDhN6SBKAdEJ6Q==",
      "deprecated": "This package has been renamed to 'interactjs' (without the dot)"
    },
    "node_modules/jquery": {
      "version": "2.2.4",
      "resolved": "https://registry.npmjs.org/jquery/-/jquery-2.2.4.tgz",
      "integrity": "sha512-lBHj60ezci2u1v2FqnZIraShGgEXq35qCzMv4lITyHGppTnA13rwR0MgwyNJh9TnDs3aXUvd1xjAotfraMHX/Q==",
      "deprecated": "This version is deprecated. Please upgrade to the latest version or find support at https://www.herodevs.com/support/jquery-nes."
    },
    "node_modules/mixto": {
      "version": "1.0.0",
      "resolved": "https://registry.npmjs.org/mixto/-/mixto-1.0.0.tgz",
      "integrity": "sha512-g2Kg8O3ww9RbWuPnAgTsAhe+aBwVXoo/lhYyDKTYPiLKdJofAr97O8zTFzW5UfiJUoeJbmXLmcjDAF7/Egwi8Q=="
    },
    "node_modules/next-tick": {
      "version": "1.1.0",
      "resolved": "https://registry.npmjs.org/next-tick/-/next-tick-1.1.0.tgz",
      "integrity": "sha512-CXdUiJembsNjuToQvxayPZF9Vqht7hewsvy2sOWafLvi2awflj9mOC6bHIg50orX8IJvWKY9wYQ/zB2kogPslQ=="
    },
    "node_modules/property-accessors": {
      "version": "1.1.3",
      "resolved": "https://registry.npmjs.org/property-accessors/-/property-accessors-1.1.3.tgz",
      "integrity": "sha512-WQTVW7rn+k6wq8FyYVM15afyoB2loEdeIzd/o7+HEA5hMZcxvRf4Khie0fBM9wLP3EJotKhiH15kY7Dd4gc57g==",
      "dependencies": {
        "es6-weak-map": "^0.1.2",
        "mixto": "1.x"
      }
    },
    "node_modules/space-pen": {
      "version": "5.1.2",
      "resolved": "https://registry.npmjs.org/space-pen/-/space-pen-5.1.2.tgz",
      "integrity": "sha512-+AunZHZblS3AjlZh13JCooLo+kQbkWBnC6TP1J4ZLEACx4F5rNhKXTV3v1bu2XVzuzNe+CxE2Eo5o2zEmplWhA==",
      "dependencies": {
        "grim": "^1.0.0",
        "jquery": "2.1.4",
        "underscore-plus": "1.x"
      }
    },
    "node_modules/space-pen/node_modules/jquery": {
      "version": "2.1.4",
      "resolved": "https://registry.npmjs.org/jquery/-/jquery-2.1.4.tgz",
      "integrity": "sha512-wWR+eCq/T/Qt0NcFyM+QVho0ZVzWxFYANijmSMImXiM5mjr1aOaf4SF0eOEPc92bbK2L2vDpxw3lIszus7eO8Q==",
      "deprecated": "This version is deprecated. Please upgrade to the latest version or find support at https://www.herodevs.com/support/jquery-nes."
    },
    "node_modules/theorist": {
      "version": "1.0.2",
      "resolved": "https://registry.npmjs.org/theorist/-/theorist-1.0.2.tgz",
      "integrity": "sha512-xSNrRkAqRcOb9jtu7EiH5V2BcCVo+hpw86Nac4R0HLsyeqGSbZJ1oUuo7uk2+d9eyO/ueFBgfDAHEfMZwLXTIw==",
      "dependencies": {
        "delegato": "1.x",
        "emissary": "1.x",
        "property-accessors": "1.x",
        "underscore-plus": "1.x"
      }
    },
    "node_modules/type": {
      "version": "2.7.3",
      "resolved": "https://registry.npmjs.org/type/-/type-2.7.3.tgz",
      "integrity": "sha512-8j+1QmAbPvLZow5Qpi6NCaN8FB60p/6x8/vfNqOk/hC+HuvFZhL4+WfekuhQLiqFZXOgQdrs3B+XxEmCc6b3FQ=="
    },
    "node_modules/underscore": {
      "version": "1.13.7",
      "resolved": "https://registry.npmjs.org/underscore/-/underscore-1.13.7.tgz",
      "integrity": "sha512-GMXzWtsc57XAtguZgaQViUOzs0KTkk8ojr3/xAxXLITqf/3EMwxC0inyETfDFjH/Krbhuep0HNbbjI9i/q3F3g=="
    },
    "node_modules/underscore-plus": {
      "version": "1.7.0",
      "resolved": "https://registry.npmjs.org/underscore-plus/-/underscore-plus-1.7.0.tgz",
      "integrity": "sha512-A3BEzkeicFLnr+U/Q3EyWwJAQPbA19mtZZ4h+lLq3ttm9kn8WC4R3YpuJZEXmWdLjYP47Zc8aLZm9kwdv+zzvA==",
      "dependencies": {
        "underscore": "^1.9.1"
      }
    }
  },
  "dependencies": {
    "atom-space-pen-views": {
      "version": "2.2.0",
      "resolved": "https://registry.npmjs.org/atom-space-pen-views/-/atom-space-pen-views-2.2.0.tgz",
      "integrity": "sha512-PxwV0txlLlYLMdWKv4m4ZH3fdUguWxx+Pwr+abgFAmcqaiyAoAV66Be7W+dVymdY7y0qSHLc4KcsFkj9j3A9+A==",
      "requires": {
        "fuzzaldrin": "^2.1.0",
        "space-pen": "^5.1.2"
      }
    },
    "coffee-script": {
      "version": "1.12.7",
      "resolved": "https://registry.npmjs.org/coffee-script/-/coffee-script-1.12.7.tgz",
      "integrity": "sha512-fLeEhqwymYat/MpTPUjSKHVYYl0ec2mOyALEMLmzr5i1isuG+6jfI2j2d5oBO3VIzgUXgBVIcOT9uH1TFxBckw=="
    },
    "d": {
      "version": "0.1.1",
      "resolved": "https://registry.npmjs.org/d/-/d-0.1.1.tgz",
      "integrity": "sha512-0SdM9V9pd/OXJHoWmTfNPTAeD+lw6ZqHg+isPyBFuJsZLSE0Ygg1cYZ/0l6DrKQXMOqGOu1oWupMoOfoRfMZrQ==",
      "requires": {
        "es5-ext": "~0.10.2"
      }
    },
    "delegato": {
      "version": "1.0.0",
      "resolved": "https://registry.npmjs.org/delegato/-/delegato-1.0.0.tgz",
      "integrity": "sha512-r+J744mBk2gl4omoAl1xFoDJHDI2N7arkvgZI4F0mbZgqsN9HCfZtoMs3KnDevvU+erkSeBsNx13r33VIEH4FQ==",
      "requires": {
        "mixto": "1.x"
      }
    },
    "emissary": {
      "version": "1.3.3",
      "resolved": "https://registry.npmjs.org/emissary/-/emissary-1.3.3.tgz",
      "integrity": "sha512-pD6FWNBSlEOzSJDCTcSGVLgNnGw5fnCvvGMdQ/TN43efeXZ/QTq8+hZoK3OOEXPRNjMmSJmeOnEJh+bWT5O8rQ==",
      "requires": {
        "es6-weak-map": "^0.1.2",
        "mixto": "1.x",
        "property-accessors": "^1.1",
        "underscore-plus": "1.x"
      }
    },
    "es5-ext": {
      "version": "0.10.64",
      "resolved": "https://registry.npmjs.org/es5-ext/-/es5-ext-0.10.64.tgz",
      "integrity": "sha512-p2snDhiLaXe6dahss1LddxqEm+SkuDvV8dnIQG0MWjyHpcMNfXKPE+/Cc0y+PhxJX3A4xGNeFCj5oc0BUh6deg==",
      "requires": {
        "es6-iterator": "^2.0.3",
        "es6-symbol": "^3.1.3",
        "esniff": "^2.0.1",
        "next-tick": "^1.1.0"
      },
      "dependencies": {
        "d": {
          "version": "1.0.2",
          "resolved": "https://registry.npmjs.org/d/-/d-1.0.2.tgz",
          "integrity": "sha512-MOqHvMWF9/9MX6nza0KgvFH4HpMU0EF5uUDXqX/BtxtU8NfB0QzRtJ8Oe/6SuS4kbhyzVJwjd97EA4PKrzJ8bw==",
          "requires": {
            "es5-ext": "^0.10.64",
            "type": "^2.7.2"
          }
        },
        "es6-iterator": {
          "version": "2.0.3",
          "resolved": "https://registry.npmjs.org/es6-iterator/-/es6-iterator-2.0.3.tgz",
          "integrity": "sha512-zw4SRzoUkd+cl+ZoE15A9o1oQd920Bb0iOJMQkQhl3jNc03YqVjAhG7scf9C5KWRU/R13Orf588uCC6525o02g==",
          "requires": {
            "d": "1",
            "es5-ext": "^0.10.35",
            "es6-symbol": "^3.1.1"
          }
        },
        "es6-symbol": {
          "version": "3.1.4",
          "resolved": "https://registry.npmjs.org/es6-symbol/-/es6-symbol-3.1.4.tgz",
          "integrity": "sha512-U9bFFjX8tFiATgtkJ1zg25+KviIXpgRvRHS8sau3GfhVzThRQrOeksPeT0BWW2MNZs1OEWJ1DPXOQMn0KKRkvg==",
          "requires": {
            "d": "^1.0.2",
            "ext": "^1.7.0"
          }
        }
      }
    },
    "es6-iterator": {
      "version": "0.1.3",
      "resolved": "https://registry.npmjs.org/es6-iterator/-/es6-iterator-0.1.3.tgz",
      "integrity": "sha512-6TOmbFM6OPWkTe+bQ3ZuUkvqcWUjAnYjKUCLdbvRsAUz2Pr+fYIibwNXNkLNtIK9PPFbNMZZddaRNkyJhlGJhA==",
      "requires": {
        "d": "~0.1.1",
        "es5-ext": "~0.10.5",
        "es6-symbol": "~2.0.1"
      }
    },
    "es6-symbol": {
      "version": "2.0.1",
      "resolved": "https://registry.npmjs.org/es6-symbol/-/es6-symbol-2.0.1.tgz",
      "integrity": "sha512-wjobO4zO8726HVU7mI2OA/B6QszqwHJuKab7gKHVx+uRfVVYGcWJkCIFxV2Madqb9/RUSrhJ/r6hPfG7FsWtow==",
      "requires": {
        "d": "~0.1.1",
        "es5-ext": "~0.10.5"
      }
    },
    "es6-weak-map": {
      "version": "0.1.4",
      "resolved": "https://registry.npmjs.org/es6-weak-map/-/es6-weak-map-0.1.4.tgz",
      "integrity": "sha512-P+N5Cd2TXeb7G59euFiM7snORspgbInS29Nbf3KNO2JQp/DyhvMCDWd58nsVAXwYJ6W3Bx7qDdy6QQ3PCJ7jKQ==",
      "requires": {
        "d": "~0.1.1",
        "es5-ext": "~0.10.6",
        "es6-iterator": "~0.1.3",
        "es6-symbol": "~2.0.1"
      }
    },
    "esniff": {
      "version": "2.0.1",
      "resolved": "https://registry.npmjs.org/esniff/-/esniff-2.0.1.tgz",
      "integrity": "sha512-kTUIGKQ/mDPFoJ0oVfcmyJn4iBDRptjNVIzwIFR7tqWXdVI9xfA2RMwY/gbSpJG3lkdWNEjLap/NqVHZiJsdfg==",
      "requires": {
        "d": "^1.0.1",
        "es5-ext": "^0.10.62",
        "event-emitter": "^0.3.5",
        "type": "^2.7.2"
      },
      "dependencies": {
        "d": {
          "version": "1.0.2",
          "resolved": "https://registry.npmjs.org/d/-/d-1.0.2.tgz",
          "integrity": "sha512-MOqHvMWF9/9MX6nza0KgvFH4HpMU0EF5uUDXqX/BtxtU8NfB0QzRtJ8Oe/6SuS4kbhyzVJwjd97EA4PKrzJ8bw==",
          "requires": {
            "es5-ext": "^0.10.64",
            "type": "^2.7.2"
          }
        }
      }
    },
    "event-emitter": {
      "version": "0.3.5",
      "resolved": "https://registry.npmjs.org/event-emitter/-/event-emitter-0.3.5.tgz",
      "integrity": "sha512-D9rRn9y7kLPnJ+hMq7S/nhvoKwwvVJahBi2BPmx3bvbsEdK3W9ii8cBSGjP+72/LnM4n6fo3+dkCX5FeTQruXA==",
      "requires": {
        "d": "1",
        "es5-ext": "~0.10.14"
      },
      "dependencies": {
        "d": {
          "version": "1.0.2",
          "resolved": "https://registry.npmjs.org/d/-/d-1.0.2.tgz",
          "integrity": "sha512-MOqHvMWF9/9MX6nza0KgvFH4HpMU0EF5uUDXqX/BtxtU8NfB0QzRtJ8Oe/6SuS4kbhyzVJwjd97EA4PKrzJ8bw==",
          "requires": {
            "es5-ext": "^0.10.64",
            "type": "^2.7.2"
          }
        }
      }
    },
    "event-kit": {
      "version": "1.5.0",
      "resolved": "https://registry.npmjs.org/event-kit/-/event-kit-1.5.0.tgz",
      "integrity": "sha512-7hclzTNlaXY1odHFvQSl/BGtA9hFj/5WsFfWg0zUmP0a0k5xWfik3sy+HptsTI3B0aN/AR8Q9ix0FLXbu/Lieg==",
      "requires": {
        "grim": "^1.2.1"
      }
    },
    "ext": {
      "version": "1.7.0",
      "resolved": "https://registry.npmjs.org/ext/-/ext-1.7.0.tgz",
      "integrity": "sha512-6hxeJYaL110a9b5TEJSj0gojyHQAmA2ch5Os+ySCiA1QGdS697XWY1pzsrSjqA9LDEEgdB/KypIlR59RcLuHYw==",
      "requires": {
        "type": "^2.7.2"
      }
    },
    "fuzzaldrin": {
      "version": "2.1.0",
      "resolved": "https://registry.npmjs.org/fuzzaldrin/-/fuzzaldrin-2.1.0.tgz",
      "integrity": "sha512-zgllBYwfHR5P3CncJiGbGVPpa3iFYW1yuPaIv8DiTVRrcg5/6uETNL5zvIoKflG1aifXVUZTlIroDehw4WygGA=="
    },
    "grim": {
      "version": "1.5.0",
      "resolved": "https://registry.npmjs.org/grim/-/grim-1.5.0.tgz",
      "integrity": "sha512-HlUl6O0gHSbHjdKqiiQS+rHzFxahM223GmenpIE2IwMh5ZncuX0VZzYlZ60yXVH9uyAmlkdAAqt6qwi1JQrp8g==",
      "requires": {
        "emissary": "^1.2.0"
      }
    },
    "interact.js": {
      "version": "1.2.8",
      "resolved": "https://registry.npmjs.org/interact.js/-/interact.js-1.2.8.tgz",
      "integrity": "sha512-VXUfuD1xCq97yYfp0qi5D+dkEBKsvSkOaoIQuWualzrHh5oVF6IbEc8jZRpfnooQShFJNPBdoDhN6SBKAdEJ6Q=="
    },
    "jquery": {
      "version": "2.2.4",
      "resolved": "https://registry.npmjs.org/jquery/-/jquery-2.2.4.tgz",
      "integrity": "sha512-lBHj60ezci2u1v2FqnZIraShGgEXq35qCzMv4lITyHGppTnA13rwR0MgwyNJh9TnDs3aXUvd1xjAotfraMHX/Q=="
    },
    "mixto": {
      "version": "1.0.0",
      "resolved": "https://registry.npmjs.org/mixto/-/mixto-1.0.0.tgz",
      "integrity": "sha512-g2Kg8O3ww9RbWuPnAgTsAhe+aBwVXoo/lhYyDKTYPiLKdJofAr97O8zTFzW5UfiJUoeJbmXLmcjDAF7/Egwi8Q=="
    },
    "next-tick": {
      "version": "1.1.0",
      "resolved": "https://registry.npmjs.org/next-tick/-/next-tick-1.1.0.tgz",
      "integrity": "sha512-CXdUiJembsNjuToQvxayPZF9Vqht7hewsvy2sOWafLvi2awflj9mOC6bHIg50orX8IJvWKY9wYQ/zB2kogPslQ=="
    },
    "property-accessors": {
      "version": "1.1.3",
      "resolved": "https://registry.npmjs.org/property-accessors/-/property-accessors-1.1.3.tgz",
      "integrity": "sha512-WQTVW7rn+k6wq8FyYVM15afyoB2loEdeIzd/o7+HEA5hMZcxvRf4Khie0fBM9wLP3EJotKhiH15kY7Dd4gc57g==",
      "requires": {
        "es6-weak-map": "^0.1.2",
        "mixto": "1.x"
      }
    },
    "space-pen": {
      "version": "5.1.2",
      "resolved": "https://registry.npmjs.org/space-pen/-/space-pen-5.1.2.tgz",
      "integrity": "sha512-+AunZHZblS3AjlZh13JCooLo+kQbkWBnC6TP1J4ZLEACx4F5rNhKXTV3v1bu2XVzuzNe+CxE2Eo5o2zEmplWhA==",
      "requires": {
        "grim": "^1.0.0",
        "jquery": "2.1.4",
        "underscore-plus": "1.x"
      },
      "dependencies": {
        "jquery": {
          "version": "2.1.4",
          "resolved": "https://registry.npmjs.org/jquery/-/jquery-2.1.4.tgz",
          "integrity": "sha512-wWR+eCq/T/Qt0NcFyM+QVho0ZVzWxFYANijmSMImXiM5mjr1aOaf4SF0eOEPc92bbK2L2vDpxw3lIszus7eO8Q=="
        }
      }
    },
    "theorist": {
      "version": "1.0.2",
      "resolved": "https://registry.npmjs.org/theorist/-/theorist-1.0.2.tgz",
      "integrity": "sha512-xSNrRkAqRcOb9jtu7EiH5V2BcCVo+hpw86Nac4R0HLsyeqGSbZJ1oUuo7uk2+d9eyO/ueFBgfDAHEfMZwLXTIw==",
      "requires": {
        "delegato": "1.x",
        "emissary": "1.x",
        "property-accessors": "1.x",
        "underscore-plus": "1.x"
      }
    },
    "type": {
      "version": "2.7.3",
      "resolved": "https://registry.npmjs.org/type/-/type-2.7.3.tgz",
      "integrity": "sha512-8j+1QmAbPvLZow5Qpi6NCaN8FB60p/6x8/vfNqOk/hC+HuvFZhL4+WfekuhQLiqFZXOgQdrs3B+XxEmCc6b3FQ=="
    },
    "underscore": {
      "version": "1.13.7",
      "resolved": "https://registry.npmjs.org/underscore/-/underscore-1.13.7.tgz",
      "integrity": "sha512-GMXzWtsc57XAtguZgaQViUOzs0KTkk8ojr3/xAxXLITqf/3EMwxC0inyETfDFjH/Krbhuep0HNbbjI9i/q3F3g=="
    },
    "underscore-plus": {
      "version": "1.7.0",
      "resolved": "https://registry.npmjs.org/underscore-plus/-/underscore-plus-1.7.0.tgz",
      "integrity": "sha512-A3BEzkeicFLnr+U/Q3EyWwJAQPbA19mtZZ4h+lLq3ttm9kn8WC4R3YpuJZEXmWdLjYP47Zc8aLZm9kwdv+zzvA==",
      "requires": {
        "underscore": "^1.9.1"
      }
    }
  }
}
